
Microsoft Visual Studio Solution File, Format Version 12.00
# Visual Studio Version 17
VisualStudioVersion = 17.7.34221.43
MinimumVisualStudioVersion = 10.0.40219.1
Project("{FAE04EC0-301F-11D3-BF4B-00C04F79EFBC}") = "BulkyWeb", "BulkyWeb\BulkyWeb.csproj", "{53C7930A-D354-4C5A-B01D-9A3D41ECD225}"
EndProject
Global
	GlobalSection(SolutionConfigurationPlatforms) = preSolution
		Debug|Any CPU = Debug|Any CPU
		Release|Any CPU = Release|Any CPU
	EndGlobalSection
	GlobalSection(ProjectConfigurationPlatforms) = postSolution
		{53C7930A-D354-4C5A-B01D-9A3D41ECD225}.Debug|Any CPU.ActiveCfg = Debug|Any CPU
		{53C7930A-D354-4C5A-B01D-9A3D41ECD225}.Debug|Any CPU.Build.0 = Debug|Any CPU
		{53C7930A-D354-4C5A-B01D-9A3D41ECD225}.Release|Any CPU.ActiveCfg = Release|Any CPU
		{53C7930A-D354-4C5A-B01D-9A3D41ECD225}.Release|Any CPU.Build.0 = Release|Any CPU
	EndGlobalSection
	GlobalSection(SolutionProperties) = preSolution
		HideSolutionNode = FALSE
	EndGlobalSection
	GlobalSection(ExtensibilityGlobals) = postSolution
		SolutionGuid = {BA1CA7DE-E3BC-4737-AC98-AA562F9FFFF4}
	EndGlobalSection
EndGlobal
